// !$*UTF8*$!
{
	archiveVersion = 1;
	classes = {
	};
	objectVersion = 46;
	objects = {

/* Begin PBXBuildFile section */
		8A08196A19B971B0003A4782 /* Foundation.framework in Frameworks */ = {isa = PBXBuildFile; fileRef = 8A08196919B971B0003A4782 /* Foundation.framework */; };
		8A08196C19B971B0003A4782 /* CoreGraphics.framework in Frameworks */ = {isa = PBXBuildFile; fileRef = 8A08196B19B971B0003A4782 /* CoreGraphics.framework */; };
		8A08196E19B971B0003A4782 /* UIKit.framework in Frameworks */ = {isa = PBXBuildFile; fileRef = 8A08196D19B971B0003A4782 /* UIKit.framework */; };
		8A08197419B971B0003A4782 /* InfoPlist.strings in Resources */ = {isa = PBXBuildFile; fileRef = 8A08197219B971B0003A4782 /* InfoPlist.strings */; };
		8A08197619B971B0003A4782 /* main.m in Sources */ = {isa = PBXBuildFile; fileRef = 8A08197519B971B0003A4782 /* main.m */; };
		8A08197A19B971B0003A4782 /* AppDelegate.m in Sources */ = {isa = PBXBuildFile; fileRef = 8A08197919B971B0003A4782 /* AppDelegate.m */; };
		8A08197D19B971B0003A4782 /* Main_iPhone.storyboard in Resources */ = {isa = PBXBuildFile; fileRef = 8A08197B19B971B0003A4782 /* Main_iPhone.storyboard */; };
		8A08198019B971B0003A4782 /* Main_iPad.storyboard in Resources */ = {isa = PBXBuildFile; fileRef = 8A08197E19B971B0003A4782 /* Main_iPad.storyboard */; };
		8A08198319B971B0003A4782 /* FirstViewController.m in Sources */ = {isa = PBXBuildFile; fileRef = 8A08198219B971B0003A4782 /* FirstViewController.m */; };
		8A08198619B971B0003A4782 /* SecondViewController.m in Sources */ = {isa = PBXBuildFile; fileRef = 8A08198519B971B0003A4782 /* SecondViewController.m */; };
		8A08198819B971B0003A4782 /* Images.xcassets in Resources */ = {isa = PBXBuildFile; fileRef = 8A08198719B971B0003A4782 /* Images.xcassets */; };
		8A08198F19B971B0003A4782 /* XCTest.framework in Frameworks */ = {isa = PBXBuildFile; fileRef = 8A08198E19B971B0003A4782 /* XCTest.framework */; };
		8A08199019B971B0003A4782 /* Foundation.framework in Frameworks */ = {isa = PBXBuildFile; fileRef = 8A08196919B971B0003A4782 /* Foundation.framework */; };
		8A08199119B971B0003A4782 /* UIKit.framework in Frameworks */ = {isa = PBXBuildFile; fileRef = 8A08196D19B971B0003A4782 /* UIKit.framework */; };
		8A08199919B971B0003A4782 /* InfoPlist.strings in Resources */ = {isa = PBXBuildFile; fileRef = 8A08199719B971B0003A4782 /* InfoPlist.strings */; };
		8A08199B19B971B0003A4782 /* TabBarExampleTests.m in Sources */ = {isa = PBXBuildFile; fileRef = 8A08199A19B971B0003A4782 /* TabBarExampleTests.m */; };
/* End PBXBuildFile section */

/* Begin PBXContainerItemProxy section */
		8A08199219B971B0003A4782 /* PBXContainerItemProxy */ = {
			isa = PBXContainerItemProxy;
			containerPortal = 8A08195E19B971B0003A4782 /* Project object */;
			proxyType = 1;
			remoteGlobalIDString = 8A08196519B971B0003A4782;
			remoteInfo = TabBarExample;
		};
/* End PBXContainerItemProxy section */

/* Begin PBXFileReference section */
		8A08196619B971B0003A4782 /* TabBarExample.app */ = {isa = PBXFileReference; explicitFileType = wrapper.application; includeInIndex = 0; path = TabBarExample.app; sourceTree = BUILT_PRODUCTS_DIR; };
		8A08196919B971B0003A4782 /* Foundation.framework */ = {isa = PBXFileReference; lastKnownFileType = wrapper.framework; name = Foundation.framework; path = System/Library/Frameworks/Foundation.framework; sourceTree = SDKROOT; };
		8A08196B19B971B0003A4782 /* CoreGraphics.framework */ = {isa = PBXFileReference; lastKnownFileType = wrapper.framework; name = CoreGraphics.framework; path = System/Library/Frameworks/CoreGraphics.framework; sourceTree = SDKROOT; };
		8A08196D19B971B0003A4782 /* UIKit.framework */ = {isa = PBXFileReference; lastKnownFileType = wrapper.framework; name = UIKit.framework; path = System/Library/Frameworks/UIKit.framework; sourceTree = SDKROOT; };
		8A08197119B971B0003A4782 /* TabBarExample-Info.plist */ = {isa = PBXFileReference; lastKnownFileType = text.plist.xml; path = "TabBarExample-Info.plist"; sourceTree = "<group>"; };
		8A08197319B971B0003A4782 /* en */ = {isa = PBXFileReference; lastKnownFileType = text.plist.strings; name = en; path = en.lproj/InfoPlist.strings; sourceTree = "<group>"; };
		8A08197519B971B0003A4782 /* main.m */ = {isa = PBXFileReference; lastKnownFileType = sourcecode.c.objc; path = main.m; sourceTree = "<group>"; };
		8A08197719B971B0003A4782 /* TabBarExample-Prefix.pch */ = {isa = PBXFileReference; lastKnownFileType = sourcecode.c.h; path = "TabBarExample-Prefix.pch"; sourceTree = "<group>"; };
		8A08197819B971B0003A4782 /* AppDelegate.h */ = {isa = PBXFileReference; lastKnownFileType = sourcecode.c.h; path = AppDelegate.h; sourceTree = "<group>"; };
		8A08197919B971B0003A4782 /* AppDelegate.m */ = {isa = PBXFileReference; lastKnownFileType = sourcecode.c.objc; path = AppDelegate.m; sourceTree = "<group>"; };
		8A08197C19B971B0003A4782 /* Base */ = {isa = PBXFileReference; lastKnownFileType = file.storyboard; name = Base; path = Base.lproj/Main_iPhone.storyboard; sourceTree = "<group>"; };
		8A08197F19B971B0003A4782 /* Base */ = {isa = PBXFileReference; lastKnownFileType = file.storyboard; name = Base; path = Base.lproj/Main_iPad.storyboard; sourceTree = "<group>"; };
		8A08198119B971B0003A4782 /* FirstViewController.h */ = {isa = PBXFileReference; lastKnownFileType = sourcecode.c.h; path = FirstViewController.h; sourceTree = "<group>"; };
		8A08198219B971B0003A4782 /* FirstViewController.m */ = {isa = PBXFileReference; lastKnownFileType = sourcecode.c.objc; path = FirstViewController.m; sourceTree = "<group>"; };
		8A08198419B971B0003A4782 /* SecondViewController.h */ = {isa = PBXFileReference; lastKnownFileType = sourcecode.c.h; path = SecondViewController.h; sourceTree = "<group>"; };
		8A08198519B971B0003A4782 /* SecondViewController.m */ = {isa = PBXFileReference; lastKnownFileType = sourcecode.c.objc; path = SecondViewController.m; sourceTree = "<group>"; };
		8A08198719B971B0003A4782 /* Images.xcassets */ = {isa = PBXFileReference; lastKnownFileType = folder.assetcatalog; path = Images.xcassets; sourceTree = "<group>"; };
		8A08198D19B971B0003A4782 /* TabBarExampleTests.xctest */ = {isa = PBXFileReference; explicitFileType = wrapper.cfbundle; includeInIndex = 0; path = TabBarExampleTests.xctest; sourceTree = BUILT_PRODUCTS_DIR; };
		8A08198E19B971B0003A4782 /* XCTest.framework */ = {isa = PBXFileReference; lastKnownFileType = wrapper.framework; name = XCTest.framework; path = Library/Frameworks/XCTest.framework; sourceTree = DEVELOPER_DIR; };
		8A08199619B971B0003A4782 /* TabBarExampleTests-Info.plist */ = {isa = PBXFileReference; lastKnownFileType = text.plist.xml; path = "TabBarExampleTests-Info.plist"; sourceTree = "<group>"; };
		8A08199819B971B0003A4782 /* en */ = {isa = PBXFileReference; lastKnownFileType = text.plist.strings; name = en; path = en.lproj/InfoPlist.strings; sourceTree = "<group>"; };
		8A08199A19B971B0003A4782 /* TabBarExampleTests.m */ = {isa = PBXFileReference; lastKnownFileType = sourcecode.c.objc; path = TabBarExampleTests.m; sourceTree = "<group>"; };
/* End PBXFileReference section */

/* Begin PBXFrameworksBuildPhase section */
		8A08196319B971B0003A4782 /* Frameworks */ = {
			isa = PBXFrameworksBuildPhase;
			buildActionMask = 2147483647;
			files = (
				8A08196C19B971B0003A4782 /* CoreGraphics.framework in Frameworks */,
				8A08196E19B971B0003A4782 /* UIKit.framework in Frameworks */,
				8A08196A19B971B0003A4782 /* Foundation.framework in Frameworks */,
			);
			runOnlyForDeploymentPostprocessing = 0;
		};
		8A08198A19B971B0003A4782 /* Frameworks */ = {
			isa = PBXFrameworksBuildPhase;
			buildActionMask = 2147483647;
			files = (
				8A08198F19B971B0003A4782 /* XCTest.framework in Frameworks */,
				8A08199119B971B0003A4782 /* UIKit.framework in Frameworks */,
				8A08199019B971B0003A4782 /* Foundation.framework in Frameworks */,
			);
			runOnlyForDeploymentPostprocessing = 0;
		};
/* End PBXFrameworksBuildPhase section */

/* Begin PBXGroup section */
		8A08195D19B971B0003A4782 = {
			isa = PBXGroup;
			children = (
				8A08196F19B971B0003A4782 /* TabBarExample */,
				8A08199419B971B0003A4782 /* TabBarExampleTests */,
				8A08196819B971B0003A4782 /* Frameworks */,
				8A08196719B971B0003A4782 /* Products */,
			);
			sourceTree = "<group>";
		};
		8A08196719B971B0003A4782 /* Products */ = {
			isa = PBXGroup;
			children = (
				8A08196619B971B0003A4782 /* TabBarExample.app */,
				8A08198D19B971B0003A4782 /* TabBarExampleTests.xctest */,
			);
			name = Products;
			sourceTree = "<group>";
		};
		8A08196819B971B0003A4782 /* Frameworks */ = {
			isa = PBXGroup;
			children = (
				8A08196919B971B0003A4782 /* Foundation.framework */,
				8A08196B19B971B0003A4782 /* CoreGraphics.framework */,
				8A08196D19B971B0003A4782 /* UIKit.framework */,
				8A08198E19B971B0003A4782 /* XCTest.framework */,
			);
			name = Frameworks;
			sourceTree = "<group>";
		};
		8A08196F19B971B0003A4782 /* TabBarExample */ = {
			isa = PBXGroup;
			children = (
				8A08197819B971B0003A4782 /* AppDelegate.h */,
				8A08197919B971B0003A4782 /* AppDelegate.m */,
				8A08197B19B971B0003A4782 /* Main_iPhone.storyboard */,
				8A08197E19B971B0003A4782 /* Main_iPad.storyboard */,
				8A08198119B971B0003A4782 /* FirstViewController.h */,
				8A08198219B971B0003A4782 /* FirstViewController.m */,
				8A08198419B971B0003A4782 /* SecondViewController.h */,
				8A08198519B971B0003A4782 /* SecondViewController.m */,
				8A08198719B971B0003A4782 /* Images.xcassets */,
				8A08197019B971B0003A4782 /* Supporting Files */,
			);
			path = TabBarExample;
			sourceTree = "<group>";
		};
		8A08197019B971B0003A4782 /* Supporting Files */ = {
			isa = PBXGroup;
			children = (
				8A08197119B971B0003A4782 /* TabBarExample-Info.plist */,
				8A08197219B971B0003A4782 /* InfoPlist.strings */,
				8A08197519B971B0003A4782 /* main.m */,
				8A08197719B971B0003A4782 /* TabBarExample-Prefix.pch */,
			);
			name = "Supporting Files";
			sourceTree = "<group>";
		};
		8A08199419B971B0003A4782 /* TabBarExampleTests */ = {
			isa = PBXGroup;
			children = (
				8A08199A19B971B0003A4782 /* TabBarExampleTests.m */,
				8A08199519B971B0003A4782 /* Supporting Files */,
			);
			path = TabBarExampleTests;
			sourceTree = "<group>";
		};
		8A08199519B971B0003A4782 /* Supporting Files */ = {
			isa = PBXGroup;
			children = (
				8A08199619B971B0003A4782 /* TabBarExampleTests-Info.plist */,
				8A08199719B971B0003A4782 /* InfoPlist.strings */,
			);
			name = "Supporting Files";
			sourceTree = "<group>";
		};
/* End PBXGroup section */

/* Begin PBXNativeTarget section */
		8A08196519B971B0003A4782 /* TabBarExample */ = {
			isa = PBXNativeTarget;
			buildConfigurationList = 8A08199E19B971B0003A4782 /* Build configuration list for PBXNativeTarget "TabBarExample" */;
			buildPhases = (
				8A08196219B971B0003A4782 /* Sources */,
				8A08196319B971B0003A4782 /* Frameworks */,
				8A08196419B971B0003A4782 /* Resources */,
			);
			buildRules = (
			);
			dependencies = (
			);
			name = TabBarExample;
			productName = TabBarExample;
			productReference = 8A08196619B971B0003A4782 /* TabBarExample.app */;
			productType = "com.apple.product-type.application";
		};
		8A08198C19B971B0003A4782 /* TabBarExampleTests */ = {
			isa = PBXNativeTarget;
			buildConfigurationList = 8A0819A119B971B0003A4782 /* Build configuration list for PBXNativeTarget "TabBarExampleTests" */;
			buildPhases = (
				8A08198919B971B0003A4782 /* Sources */,
				8A08198A19B971B0003A4782 /* Frameworks */,
				8A08198B19B971B0003A4782 /* Resources */,
			);
			buildRules = (
			);
			dependencies = (
				8A08199319B971B0003A4782 /* PBXTargetDependency */,
			);
			name = TabBarExampleTests;
			productName = TabBarExampleTests;
			productReference = 8A08198D19B971B0003A4782 /* TabBarExampleTests.xctest */;
			productType = "com.apple.product-type.bundle.unit-test";
		};
/* End PBXNativeTarget section */

/* Begin PBXProject section */
		8A08195E19B971B0003A4782 /* Project object */ = {
			isa = PBXProject;
			attributes = {
				LastUpgradeCheck = 0510;
				ORGANIZATIONNAME = "Paradigm Creatives";
				TargetAttributes = {
					8A08198C19B971B0003A4782 = {
						TestTargetID = 8A08196519B971B0003A4782;
					};
				};
			};
			buildConfigurationList = 8A08196119B971B0003A4782 /* Build configuration list for PBXProject "TabBarExample" */;
			compatibilityVersion = "Xcode 3.2";
			developmentRegion = English;
			hasScannedForEncodings = 0;
			knownRegions = (
				en,
				Base,
			);
			mainGroup = 8A08195D19B971B0003A4782;
			productRefGroup = 8A08196719B971B0003A4782 /* Products */;
			projectDirPath = "";
			projectRoot = "";
			targets = (
				8A08196519B971B0003A4782 /* TabBarExample */,
				8A08198C19B971B0003A4782 /* TabBarExampleTests */,
			);
		};
/* End PBXProject section */

/* Begin PBXResourcesBuildPhase section */
		8A08196419B971B0003A4782 /* Resources */ = {
			isa = PBXResourcesBuildPhase;
			buildActionMask = 2147483647;
			files = (
				8A08198019B971B0003A4782 /* Main_iPad.storyboard in Resources */,
				8A08198819B971B0003A4782 /* Images.xcassets in Resources */,
				8A08197D19B971B0003A4782 /* Main_iPhone.storyboard in Resources */,
				8A08197419B971B0003A4782 /* InfoPlist.strings in Resources */,
			);
			runOnlyForDeploymentPostprocessing = 0;
		};
		8A08198B19B971B0003A4782 /* Resources */ = {
			isa = PBXResourcesBuildPhase;
			buildActionMask = 2147483647;
			files = (
				8A08199919B971B0003A4782 /* InfoPlist.strings in Resources */,
			);
			runOnlyForDeploymentPostprocessing = 0;
		};
/* End PBXResourcesBuildPhase section */

/* Begin PBXSourcesBuildPhase section */
		8A08196219B971B0003A4782 /* Sources */ = {
			isa = PBXSourcesBuildPhase;
			buildActionMask = 2147483647;
			files = (
				8A08198619B971B0003A4782 /* SecondViewController.m in Sources */,
				8A08197A19B971B0003A4782 /* AppDelegate.m in Sources */,
				8A08198319B971B0003A4782 /* FirstViewController.m in Sources */,
				8A08197619B971B0003A4782 /* main.m in Sources */,
			);
			runOnlyForDeploymentPostprocessing = 0;
		};
		8A08198919B971B0003A4782 /* Sources */ = {
			isa = PBXSourcesBuildPhase;
			buildActionMask = 2147483647;
			files = (
				8A08199B19B971B0003A4782 /* TabBarExampleTests.m in Sources */,
			);
			runOnlyForDeploymentPostprocessing = 0;
		};
/* End PBXSourcesBuildPhase section */

/* Begin PBXTargetDependency section */
		8A08199319B971B0003A4782 /* PBXTargetDependency */ = {
			isa = PBXTargetDependency;
			target = 8A08196519B971B0003A4782 /* TabBarExample */;
			targetProxy = 8A08199219B971B0003A4782 /* PBXContainerItemProxy */;
		};
/* End PBXTargetDependency section */

/* Begin PBXVariantGroup section */
		8A08197219B971B0003A4782 /* InfoPlist.strings */ = {
			isa = PBXVariantGroup;
			children = (
				8A08197319B971B0003A4782 /* en */,
			);
			name = InfoPlist.strings;
			sourceTree = "<group>";
		};
		8A08197B19B971B0003A4782 /* Main_iPhone.storyboard */ = {
			isa = PBXVariantGroup;
			children = (
				8A08197C19B971B0003A4782 /* Base */,
			);
			name = Main_iPhone.storyboard;
			sourceTree = "<group>";
		};
		8A08197E19B971B0003A4782 /* Main_iPad.storyboard */ = {
			isa = PBXVariantGroup;
			children = (
				8A08197F19B971B0003A4782 /* Base */,
			);
			name = Main_iPad.storyboard;
			sourceTree = "<group>";
		};
		8A08199719B971B0003A4782 /* InfoPlist.strings */ = {
			isa = PBXVariantGroup;
			children = (
				8A08199819B971B0003A4782 /* en */,
			);
			name = InfoPlist.strings;
			sourceTree = "<group>";
		};
/* End PBXVariantGroup section */

/* Begin XCBuildConfiguration section */
		8A08199C19B971B0003A4782 /* Debug */ = {
			isa = XCBuildConfiguration;
			buildSettings = {
				ALWAYS_SEARCH_USER_PATHS = NO;
				CLANG_CXX_LANGUAGE_STANDARD = "gnu++0x";
				CLANG_CXX_LIBRARY = "libc++";
				CLANG_ENABLE_MODULES = YES;
				CLANG_ENABLE_OBJC_ARC = YES;
				CLANG_WARN_BOOL_CONVERSION = YES;
				CLANG_WARN_CONSTANT_CONVERSION = YES;
				CLANG_WARN_DIRECT_OBJC_ISA_USAGE = YES_ERROR;
				CLANG_WARN_EMPTY_BODY = YES;
				CLANG_WARN_ENUM_CONVERSION = YES;
				CLANG_WARN_INT_CONVERSION = YES;
				CLANG_WARN_OBJC_ROOT_CLASS = YES_ERROR;
				CLANG_WARN__DUPLICATE_METHOD_MATCH = YES;
				"CODE_SIGN_IDENTITY[sdk=iphoneos*]" = "iPhone Developer";
				COPY_PHASE_STRIP = NO;
				GCC_C_LANGUAGE_STANDARD = gnu99;
				GCC_DYNAMIC_NO_PIC = NO;
				GCC_OPTIMIZATION_LEVEL = 0;
				GCC_PREPROCESSOR_DEFINITIONS = (
					"DEBUG=1",
					"$(inherited)",
				);
				GCC_SYMBOLS_PRIVATE_EXTERN = NO;
				GCC_WARN_64_TO_32_BIT_CONVERSION = YES;
				GCC_WARN_ABOUT_RETURN_TYPE = YES_ERROR;
				GCC_WARN_UNDECLARED_SELECTOR = YES;
				GCC_WARN_UNINITIALIZED_AUTOS = YES_AGGRESSIVE;
				GCC_WARN_UNUSED_FUNCTION = YES;
				GCC_WARN_UNUSED_VARIABLE = YES;
				IPHONEOS_DEPLOYMENT_TARGET = 7.1;
				ONLY_ACTIVE_ARCH = YES;
				SDKROOT = iphoneos;
				TARGETED_DEVICE_FAMILY = "1,2";
			};
			name = Debug;
		};
		8A08199D19B971B0003A4782 /* Release */ = {
			isa = XCBuildConfiguration;
			buildSettings = {
				ALWAYS_SEARCH_USER_PATHS = NO;
				CLANG_CXX_LANGUAGE_STANDARD = "gnu++0x";
				CLANG_CXX_LIBRARY = "libc++";
				CLANG_ENABLE_MODULES = YES;
				CLANG_ENABLE_OBJC_ARC = YES;
				CLANG_WARN_BOOL_CONVERSION = YES;
				CLANG_WARN_CONSTANT_CONVERSION = YES;
				CLANG_WARN_DIRECT_OBJC_ISA_USAGE = YES_ERROR;
				CLANG_WARN_EMPTY_BODY = YES;
				CLANG_WARN_ENUM_CONVERSION = YES;
				CLANG_WARN_INT_CONVERSION = YES;
				CLANG_WARN_OBJC_ROOT_CLASS = YES_ERROR;
				CLANG_WARN__DUPLICATE_METHOD_MATCH = YES;
				"CODE_SIGN_IDENTITY[sdk=iphoneos*]" = "iPhone Developer";
				COPY_PHASE_STRIP = YES;
				ENABLE_NS_ASSERTIONS = NO;
				GCC_C_LANGUAGE_STANDARD = gnu99;
				GCC_WARN_64_TO_32_BIT_CONVERSION = YES;
				GCC_WARN_ABOUT_RETURN_TYPE = YES_ERROR;
				GCC_WARN_UNDECLARED_SELECTOR = YES;
				GCC_WARN_UNINITIALIZED_AUTOS = YES_AGGRESSIVE;
				GCC_WARN_UNUSED_FUNCTION = YES;
				GCC_WARN_UNUSED_VARIABLE = YES;
				IPHONEOS_DEPLOYMENT_TARGET = 7.1;
				SDKROOT = iphoneos;
				TARGETED_DEVICE_FAMILY = "1,2";
				VALIDATE_PRODUCT = YES;
			};
			name = Release;
		};
		8A08199F19B971B0003A4782 /* Debug */ = {
			isa = XCBuildConfiguration;
			buildSettings = {
				ASSETCATALOG_COMPILER_APPICON_NAME = AppIcon;
				ASSETCATALOG_COMPILER_LAUNCHIMAGE_NAME = LaunchImage;
				GCC_PRECOMPILE_PREFIX_HEADER = YES;
				GCC_PREFIX_HEADER = "TabBarExample/TabBarExample-Prefix.pch";
				INFOPLIST_FILE = "TabBarExample/TabBarExample-Info.plist";
				PRODUCT_NAME = "$(TARGET_NAME)";
				WRAPPER_EXTENSION = app;
			};
			name = Debug;
		};
		8A0819A019B971B0003A4782 /* Release */ = {
			isa = XCBuildConfiguration;
			buildSettings = {
				ASSETCATALOG_COMPILER_APPICON_NAME = AppIcon;
				ASSETCATALOG_COMPILER_LAUNCHIMAGE_NAME = LaunchImage;
				GCC_PRECOMPILE_PREFIX_HEADER = YES;
				GCC_PREFIX_HEADER = "TabBarExample/TabBarExample-Prefix.pch";
				INFOPLIST_FILE = "TabBarExample/TabBarExample-Info.plist";
				PRODUCT_NAME = "$(TARGET_NAME)";
				WRAPPER_EXTENSION = app;
			};
			name = Release;
		};
		8A0819A219B971B0003A4782 /* Debug */ = {
			isa = XCBuildConfiguration;
			buildSettings = {
				BUNDLE_LOADER = "$(BUILT_PRODUCTS_DIR)/TabBarExample.app/TabBarExample";
				FRAMEWORK_SEARCH_PATHS = (
					"$(SDKROOT)/Developer/Library/Frameworks",
					"$(inherited)",
					"$(DEVELOPER_FRAMEWORKS_DIR)",
				);
				GCC_PRECOMPILE_PREFIX_HEADER = YES;
				GCC_PREFIX_HEADER = "TabBarExample/TabBarExample-Prefix.pch";
				GCC_PREPROCESSOR_DEFINITIONS = (
					"DEBUG=1",
					"$(inherited)",
				);
				INFOPLIST_FILE = "TabBarExampleTests/TabBarExampleTests-Info.plist";
				PRODUCT_NAME = "$(TARGET_NAME)";
				TEST_HOST = "$(BUNDLE_LOADER)";
				WRAPPER_EXTENSION = xctest;
			};
			name = Debug;
		};
		8A0819A319B971B0003A4782 /* Release */ = {
			isa = XCBuildConfiguration;
			buildSettings = {
				BUNDLE_LOADER = "$(BUILT_PRODUCTS_DIR)/TabBarExample.app/TabBarExample";
				FRAMEWORK_SEARCH_PATHS = (
					"$(SDKROOT)/Developer/Library/Frameworks",
					"$(inherited)",
					"$(DEVELOPER_FRAMEWORKS_DIR)",
				);
				GCC_PRECOMPILE_PREFIX_HEADER = YES;
				GCC_PREFIX_HEADER = "TabBarExample/TabBarExample-Prefix.pch";
				INFOPLIST_FILE = "TabBarExampleTests/TabBarExampleTests-Info.plist";
				PRODUCT_NAME = "$(TARGET_NAME)";
				TEST_HOST = "$(BUNDLE_LOADER)";
				WRAPPER_EXTENSION = xctest;
			};
			name = Release;
		};
/* End XCBuildConfiguration section */

/* Begin XCConfigurationList section */
		8A08196119B971B0003A4782 /* Build configuration list for PBXProject "TabBarExample" */ = {
			isa = XCConfigurationList;
			buildConfigurations = (
				8A08199C19B971B0003A4782 /* Debug */,
				8A08199D19B971B0003A4782 /* Release */,
			);
			defaultConfigurationIsVisible = 0;
			defaultConfigurationName = Release;
		};
		8A08199E19B971B0003A4782 /* Build configuration list for PBXNativeTarget "TabBarExample" */ = {
			isa = XCConfigurationList;
			buildConfigurations = (
				8A08199F19B971B0003A4782 /* Debug */,
				8A0819A019B971B0003A4782 /* Release */,
			);
			defaultConfigurationIsVisible = 0;
		};
		8A0819A119B971B0003A4782 /* Build configuration list for PBXNativeTarget "TabBarExampleTests" */ = {
			isa = XCConfigurationList;
			buildConfigurations = (
				8A0819A219B971B0003A4782 /* Debug */,
				8A0819A319B971B0003A4782 /* Release */,
			);
			defaultConfigurationIsVisible = 0;
		};
/* End XCConfigurationList section */
	};
	rootObject = 8A08195E19B971B0003A4782 /* Project object */;
}
